{
  "projects": [
    {
      "projectId": "eiC1VCbma8t6iMexZerqLa",
      "version": "5.0.9",
      "dependencies": {},
      "lang": "ts",
      "fileLocks": [
        {
          "assetId": "eiC1VCbma8t6iMexZerqLa",
          "type": "projectCss",
          "checksum": "3f7722648c5a20640d96b262622973f5"
        },
        {
          "assetId": "eiC1VCbma8t6iMexZerqLa",
          "checksum": "8e9d2f9f3f5cd1ff52801d1800db6d1c",
          "type": "globalContexts"
        }
      ],
      "codegenVersion": "0.0.1"
    },
    {
      "projectId": "xp1p7dmg329XVLHyuEUxD2",
      "version": "11.0.0",
      "dependencies": {},
      "lang": "ts",
      "fileLocks": [
        {
          "assetId": "xp1p7dmg329XVLHyuEUxD2",
          "type": "projectCss",
          "checksum": "b77eef885de95f7d4b5b1191f5daa11b"
        }
      ],
      "codegenVersion": "0.0.1"
    },
    {
      "projectId": "7G8n9jwdE5WowDWbWsVZ26",
      "version": "latest",
      "dependencies": {
        "xp1p7dmg329XVLHyuEUxD2": "11.0.0",
        "eiC1VCbma8t6iMexZerqLa": "5.0.9"
      },
      "lang": "ts",
      "fileLocks": [
        {
          "type": "globalVariant",
          "assetId": "wtJ2E0HLK-JW0X",
          "checksum": "3dbe416e88613d2c19c59424c0356ba2"
        },
        {
          "assetId": "7G8n9jwdE5WowDWbWsVZ26",
          "type": "projectCss",
          "checksum": "c3a6d63ab524ce72e7b95cbd036bbf10"
        },
        {
          "assetId": "7G8n9jwdE5WowDWbWsVZ26",
          "checksum": "fc8bd3405e027df8e7ef679fd5c355eb",
          "type": "globalContexts"
        },
        {
          "type": "renderModule",
          "assetId": "OztB1LbBdJ00tn",
          "checksum": "422fabd36020d14b91cb07b985e486c7"
        },
        {
          "type": "cssRules",
          "assetId": "OztB1LbBdJ00tn",
          "checksum": "422fabd36020d14b91cb07b985e486c7"
        },
        {
          "type": "renderModule",
          "assetId": "TeHqZuNjGboLlH",
          "checksum": "d2f3bb2f295eaace9de720f84d59f21b"
        },
        {
          "type": "cssRules",
          "assetId": "TeHqZuNjGboLlH",
          "checksum": "d2f3bb2f295eaace9de720f84d59f21b"
        },
        {
          "type": "renderModule",
          "assetId": "r4g8NclKGXHCM0",
          "checksum": "8bb5c50466893b411255ddb65cde4ebd"
        },
        {
          "type": "cssRules",
          "assetId": "r4g8NclKGXHCM0",
          "checksum": "8bb5c50466893b411255ddb65cde4ebd"
        },
        {
          "type": "renderModule",
          "assetId": "5oXT4HY_RWi9cx",
          "checksum": "c818610b203080f9c7dc6fd5f451c2a0"
        },
        {
          "type": "cssRules",
          "assetId": "5oXT4HY_RWi9cx",
          "checksum": "c818610b203080f9c7dc6fd5f451c2a0"
        },
        {
          "type": "renderModule",
          "assetId": "2qQl6qfDZ6I_26",
          "checksum": "d687a9653f23508dcccc9029435f6d1d"
        },
        {
          "type": "cssRules",
          "assetId": "2qQl6qfDZ6I_26",
          "checksum": "d687a9653f23508dcccc9029435f6d1d"
        },
        {
          "type": "renderModule",
          "assetId": "bGODP7QmU1IFXw",
          "checksum": "ae0db528524565462f5071b2d23f18be"
        },
        {
          "type": "cssRules",
          "assetId": "bGODP7QmU1IFXw",
          "checksum": "ae0db528524565462f5071b2d23f18be"
        },
        {
          "type": "renderModule",
          "assetId": "iv4osvfkjb21wk",
          "checksum": "c6e3c2db310b10a4273d53e75704ab76"
        },
        {
          "type": "cssRules",
          "assetId": "iv4osvfkjb21wk",
          "checksum": "c6e3c2db310b10a4273d53e75704ab76"
        },
        {
          "type": "renderModule",
          "assetId": "LYa_YmrWl5odjn",
          "checksum": "c75da8baa51c98d291c4e666d906bae9"
        },
        {
          "type": "cssRules",
          "assetId": "LYa_YmrWl5odjn",
          "checksum": "c75da8baa51c98d291c4e666d906bae9"
        },
        {
          "type": "renderModule",
          "assetId": "yupoJ9vNpJ7q5T",
          "checksum": "62c63cd9eee8cfcd827990bbd64bd8e2"
        },
        {
          "type": "cssRules",
          "assetId": "yupoJ9vNpJ7q5T",
          "checksum": "62c63cd9eee8cfcd827990bbd64bd8e2"
        },
        {
          "type": "renderModule",
          "assetId": "SdUjRTTX8FNMya",
          "checksum": "52f1fd08ab7506a49d543fd7e5a24890"
        },
        {
          "type": "cssRules",
          "assetId": "SdUjRTTX8FNMya",
          "checksum": "52f1fd08ab7506a49d543fd7e5a24890"
        },
        {
          "type": "renderModule",
          "assetId": "cviv8LQL6Q0fD0",
          "checksum": "a0e8d87bb3c1e54aaed6b7791e795671"
        },
        {
          "type": "cssRules",
          "assetId": "cviv8LQL6Q0fD0",
          "checksum": "a0e8d87bb3c1e54aaed6b7791e795671"
        },
        {
          "type": "renderModule",
          "assetId": "nVVpRgNPi4Uxtn",
          "checksum": "1262cfc7762e1f6555066a593554fe87"
        },
        {
          "type": "cssRules",
          "assetId": "nVVpRgNPi4Uxtn",
          "checksum": "1262cfc7762e1f6555066a593554fe87"
        },
        {
          "type": "renderModule",
          "assetId": "ifpHUSs7fyJDus",
          "checksum": "3217eaf5dbf9b353e53f1cba90dc94cd"
        },
        {
          "type": "cssRules",
          "assetId": "ifpHUSs7fyJDus",
          "checksum": "3217eaf5dbf9b353e53f1cba90dc94cd"
        },
        {
          "type": "renderModule",
          "assetId": "YwX3tQC_9DPMnH",
          "checksum": "ec78e228830cf2c6c5d8cf62a3590613"
        },
        {
          "type": "cssRules",
          "assetId": "YwX3tQC_9DPMnH",
          "checksum": "ec78e228830cf2c6c5d8cf62a3590613"
        },
        {
          "type": "renderModule",
          "assetId": "2oCjVviAPyxsxg",
          "checksum": "5f010c960b803981ef1afddc3c3c55c0"
        },
        {
          "type": "cssRules",
          "assetId": "2oCjVviAPyxsxg",
          "checksum": "5f010c960b803981ef1afddc3c3c55c0"
        },
        {
          "type": "renderModule",
          "assetId": "3bJg4x5LewUFh1",
          "checksum": "2bb77405617ad34f19d77f06627431a9"
        },
        {
          "type": "cssRules",
          "assetId": "3bJg4x5LewUFh1",
          "checksum": "2bb77405617ad34f19d77f06627431a9"
        },
        {
          "type": "renderModule",
          "assetId": "5AFiRq5dP7g57V",
          "checksum": "37f41564aabed43da77e12e9c20e5847"
        },
        {
          "type": "cssRules",
          "assetId": "5AFiRq5dP7g57V",
          "checksum": "37f41564aabed43da77e12e9c20e5847"
        },
        {
          "type": "renderModule",
          "assetId": "c9gzu10Sl_YEGD",
          "checksum": "18ddf7f61caf968e3853043493722468"
        },
        {
          "type": "cssRules",
          "assetId": "c9gzu10Sl_YEGD",
          "checksum": "18ddf7f61caf968e3853043493722468"
        },
        {
          "type": "icon",
          "assetId": "16E9ppEzL5I4sF",
          "checksum": "c8c5689997ea52b7e3104acb4a399c83"
        },
        {
          "type": "icon",
          "assetId": "vG1AkmUuodQSDe",
          "checksum": "4a1cb2b68cb1af93f4351f3620ba2073"
        },
        {
          "type": "icon",
          "assetId": "mmtlVRPqrjV7Hl",
          "checksum": "623409aa215f63e1172d81442277539b"
        },
        {
          "type": "icon",
          "assetId": "OWfAQ_tMxz5EKy",
          "checksum": "3bb892f742ca5af1da084b3d4a95c942"
        },
        {
          "type": "icon",
          "assetId": "RRZibRgeOCwXSy",
          "checksum": "db7b2f359d4b0e1ea486573d2c0ed73a"
        },
        {
          "type": "icon",
          "assetId": "xkJ1kda2MK1XqW",
          "checksum": "fea2cd355bf8a06d06a62ae2f9f0eed5"
        },
        {
          "type": "icon",
          "assetId": "fwMWvYlz7uozBv",
          "checksum": "54a35ac5cd4aa3dbd329c1ad5878bcd5"
        },
        {
          "type": "icon",
          "assetId": "8LIhzzrak_Njjm",
          "checksum": "31ab29fd1eb279815f329a22d21f9903"
        },
        {
          "type": "icon",
          "assetId": "NZHT5csWbn4tPu",
          "checksum": "72355a20c19f65e47517eec815c2ed25"
        },
        {
          "type": "icon",
          "assetId": "r0ugpQQeJq3pbY",
          "checksum": "76bbe1eb2ebafdd216bca81fc151ad56"
        },
        {
          "type": "icon",
          "assetId": "0JlqjPyLV_e4an",
          "checksum": "999f49e2c8da28cdb02b352c93179d4b"
        },
        {
          "type": "icon",
          "assetId": "VaY8aClNenDr8b",
          "checksum": "c1420fa731c5f2365a47ee82cc0f377a"
        },
        {
          "type": "icon",
          "assetId": "td5q6tXxIqh4-_",
          "checksum": "59432c2c3176a336df1a462f93baa2d9"
        },
        {
          "type": "icon",
          "assetId": "wmiiUzjRBAQdKV",
          "checksum": "8e73f04612507da721c9784d156762da"
        },
        {
          "type": "icon",
          "assetId": "4uQAOOl1KwelhQ",
          "checksum": "880e6dcd4813336e1a204f4372cbc9fe"
        },
        {
          "type": "icon",
          "assetId": "W7_4_YWSwAWjpb",
          "checksum": "21792fed0282af52878093700d77ec72"
        },
        {
          "type": "icon",
          "assetId": "CFKzaVz_YCSXWf",
          "checksum": "bb0f240257ee37d713f462928c93da7c"
        },
        {
          "type": "icon",
          "assetId": "pPebTYaj2RdgSR",
          "checksum": "1a3834ea338c9d594bb41f141baf247d"
        },
        {
          "type": "icon",
          "assetId": "hKfkQmcORL6R6n",
          "checksum": "f1e39fe22d2e76ebeb1a4790cd76e02c"
        },
        {
          "type": "icon",
          "assetId": "DXJjn_xtO46lN_",
          "checksum": "44168caf93752d2a3c1a35e833224a07"
        },
        {
          "type": "icon",
          "assetId": "g6IYNn6L34KhfD",
          "checksum": "e0b6952732e40d91f0629a3a42bdec3c"
        },
        {
          "type": "icon",
          "assetId": "HusZvdiFSLDO8C",
          "checksum": "0488ba1efa8536e3fedb03376555c5fd"
        },
        {
          "type": "icon",
          "assetId": "zno4iM4P1t805f",
          "checksum": "042dd62f0ff1eebb3693f542c5770eaa"
        },
        {
          "type": "icon",
          "assetId": "sXEgISZXILGkRM",
          "checksum": "1b5583a89028049fe91dc975bbdb4393"
        },
        {
          "type": "icon",
          "assetId": "k1GzKyJqhV1PKe",
          "checksum": "836ea2b01c382a74f64fac63f186f389"
        },
        {
          "type": "icon",
          "assetId": "ZOqm2C9WDk14C1",
          "checksum": "8fd4e07a858da0b1ba7793f173959a36"
        },
        {
          "type": "icon",
          "assetId": "eKvvmDg7CQ2cJa",
          "checksum": "166c7151777a35259a5e6b4088d7f028"
        },
        {
          "type": "icon",
          "assetId": "aWaRAgaf7lWsRW",
          "checksum": "6969c556996f9d77fa5f466901691fcd"
        },
        {
          "type": "icon",
          "assetId": "w3yR6ybZEioznh",
          "checksum": "0f5e5c1ada6d0825d082770379cf532e"
        },
        {
          "type": "icon",
          "assetId": "jMAyYqLsS9ebCc",
          "checksum": "ddc9b6803f686a43851edae06fb96ba0"
        },
        {
          "type": "icon",
          "assetId": "5qyPyrdYujHZpQ",
          "checksum": "28d33f966ec58db0ad8ffb4bab07a2dc"
        },
        {
          "type": "icon",
          "assetId": "vt0TEGXpDE8x4_",
          "checksum": "8647bbdc1d82a2664ba29a9611fcfa7b"
        },
        {
          "type": "icon",
          "assetId": "vY8_ucUm7CQkzT",
          "checksum": "719714e0a5e4df5020fe64c16103b30b"
        },
        {
          "type": "icon",
          "assetId": "y7xuNdNINqFsJ7",
          "checksum": "aa6f9332f387330c3347d8b6239cc4fd"
        },
        {
          "type": "icon",
          "assetId": "fOyy2pRghCwtrK",
          "checksum": "87bdacc97a7a394cbbb60c93dadfb46c"
        },
        {
          "type": "icon",
          "assetId": "FNBxAcIPXrvYO8",
          "checksum": "36dab482e9f46114b5be6de942e82777"
        },
        {
          "type": "icon",
          "assetId": "U1CEFPDsYAaOeE",
          "checksum": "2ca08180342e82de3e07057ce23b3e61"
        },
        {
          "type": "icon",
          "assetId": "IIYRexCzSy2MrH",
          "checksum": "f1961fd148b451ebf4d92cef382ebf4e"
        },
        {
          "type": "icon",
          "assetId": "Z1urIA8CWcQ03u",
          "checksum": "321918b34a338fc61e83d98df0f26107"
        },
        {
          "type": "image",
          "assetId": "chUOQ48wgnUiFw",
          "checksum": "6e162bc0751a86b2e729e460c581126a"
        },
        {
          "type": "image",
          "assetId": "ofUoeNVdeKmwE4",
          "checksum": "714cb3552d892ea0ad6335497b937ec5"
        },
        {
          "type": "image",
          "assetId": "1Qm9BCIIsYWazq",
          "checksum": "694d3fc9af25893dacf5b7b71e6fab99"
        },
        {
          "type": "image",
          "assetId": "ldP1qTyfpP3JRa",
          "checksum": "23191650595d55b7ff56c028615775ec"
        },
        {
          "type": "image",
          "assetId": "498AyaD04Hb6Pp",
          "checksum": "3505ac775bfc9e5f52b9cbc7d92877a8"
        },
        {
          "type": "image",
          "assetId": "NSkVmUr-w3188D",
          "checksum": "761917dd00972c1e6ca8465d1a5d6720"
        },
        {
          "type": "image",
          "assetId": "efm0JalHzGWrSB",
          "checksum": "5caed5b1dcbace06eb51b139f8f66aba"
        },
        {
          "type": "image",
          "assetId": "Qab0-m-DOnAC9q",
          "checksum": "586f37eb77a42f111fd0b865682c3467"
        },
        {
          "type": "image",
          "assetId": "EkwxGbvfVCi6LG",
          "checksum": "fcbe0bfddf6eeea7017cb2873f48c302"
        },
        {
          "type": "image",
          "assetId": "qHxZHvMAr4sFoj",
          "checksum": "9999791937418169cd24209b742628f2"
        },
        {
          "type": "image",
          "assetId": "DP6YrhTnjbrFY9",
          "checksum": "2d8e3794dfb4c0f5d9a236ee44bc2b9b"
        },
        {
          "type": "image",
          "assetId": "W0ciR7wQbaEBX1",
          "checksum": "9762c89b8c43d6d1ee404ceb77b49cc9"
        },
        {
          "type": "image",
          "assetId": "HTy_ReiQR7D3ld",
          "checksum": "84756c62a6cefffa1927c2f3ccee5620"
        },
        {
          "type": "image",
          "assetId": "7fNBZCNoMD5PWk",
          "checksum": "98ddf741b4d4a570b6bdb60b096d0db6"
        },
        {
          "type": "image",
          "assetId": "a_1u3Ek2uR63Ka",
          "checksum": "3d18730006df2fc62de6714ac27daf3e"
        },
        {
          "type": "image",
          "assetId": "ub2-SfRuHp9Cy-",
          "checksum": "4e8f153ab38003affda6fc702eea3a89"
        },
        {
          "type": "image",
          "assetId": "1Q8dMRL6zYOJyU",
          "checksum": "e1624caee475226a7194a704f21cd05c"
        },
        {
          "type": "image",
          "assetId": "a6rP9H9sTtMfHm",
          "checksum": "9588630afa0246f1024d9b502d25d88f"
        },
        {
          "type": "image",
          "assetId": "FL0U3WpqZStLOg",
          "checksum": "a8e28324f683cbbdc43b4ce1413e7f22"
        },
        {
          "type": "image",
          "assetId": "ZOGsfBtssprz3o",
          "checksum": "a416ab14cc2188a5c4d2b0abd05cd869"
        },
        {
          "type": "image",
          "assetId": "wArb5Fy1DxxfL7",
          "checksum": "1e9782ec639b29ddb4b2240c17ac6c76"
        },
        {
          "type": "image",
          "assetId": "35oDhfrThWT2R6",
          "checksum": "5f7fd5584c137d89f07ab5d245a64edb"
        },
        {
          "type": "image",
          "assetId": "rfmHlGNQ0hyKZ3",
          "checksum": "592576bec9af56973813d83052f451d7"
        },
        {
          "type": "image",
          "assetId": "_h9BUzDKh2t8Vl",
          "checksum": "b20a1ab0da56db89dd0b91807c9ce151"
        },
        {
          "type": "image",
          "assetId": "i5mHCc8Mvjv5pk",
          "checksum": "5e43f57778b4f947c89ea376813ebdc7"
        },
        {
          "type": "image",
          "assetId": "1pu34_h1qlriEr",
          "checksum": "620e7df336bd333766c295bd5831e156"
        },
        {
          "type": "image",
          "assetId": "pEUrpHma-oDDO4",
          "checksum": "88da05384d960e598d2dfa7c2e64b59a"
        },
        {
          "type": "image",
          "assetId": "Um1WZu1CbixLbl",
          "checksum": "4835fc979fd48624480dc52e791928db"
        },
        {
          "type": "image",
          "assetId": "Yrc_5Ev_uvllZO",
          "checksum": "080274da85038be71c066f4bb4a4eb8c"
        },
        {
          "type": "image",
          "assetId": "rAYrReAh6BuAsq",
          "checksum": "8347b56cf562a7831ea6e3d730837493"
        },
        {
          "type": "image",
          "assetId": "MsMkw4YR5gKF6h",
          "checksum": "e0f1a5096448a9f0dc5e31553ae8be04"
        },
        {
          "type": "image",
          "assetId": "D0U6mRoMOd7vkQ",
          "checksum": "78a62c678febea6dd6db0b15d24ef883"
        }
      ],
      "codegenVersion": "0.0.1"
    }
  ],
  "cliVersion": "0.1.178"
}
